// !$*UTF8*$!
{
	archiveVersion = 1;
	classes = {
	};
	objectVersion = 50;
	objects = {

/* Begin PBXBuildFile section */
		7B0FE93521E0EF9400226EB7 /* AppDelegate.swift in Sources */ = {isa = PBXBuildFile; fileRef = 7B0FE93421E0EF9400226EB7 /* AppDelegate.swift */; };
		7B0FE93A21E0EF9400226EB7 /* Main.storyboard in Resources */ = {isa = PBXBuildFile; fileRef = 7B0FE93821E0EF9400226EB7 /* Main.storyboard */; };
		7B0FE93C21E0EF9600226EB7 /* Assets.xcassets in Resources */ = {isa = PBXBuildFile; fileRef = 7B0FE93B21E0EF9600226EB7 /* Assets.xcassets */; };
		7B0FE95421E0F78300226EB7 /* MainViewController.swift in Sources */ = {isa = PBXBuildFile; fileRef = 7B0FE95321E0F78300226EB7 /* MainViewController.swift */; };
		7B0FE95621E0F7C900226EB7 /* HomeTableViewController.swift in Sources */ = {isa = PBXBuildFile; fileRef = 7B0FE95521E0F7C900226EB7 /* HomeTableViewController.swift */; };
		7B0FE95821E0F7E700226EB7 /* DiscoverTableViewController.swift in Sources */ = {isa = PBXBuildFile; fileRef = 7B0FE95721E0F7E700226EB7 /* DiscoverTableViewController.swift */; };
		7B0FE95A21E0F7FF00226EB7 /* MessageTableViewController.swift in Sources */ = {isa = PBXBuildFile; fileRef = 7B0FE95921E0F7FF00226EB7 /* MessageTableViewController.swift */; };
		7B0FE95C21E0F82100226EB7 /* ProfileTableViewController.swift in Sources */ = {isa = PBXBuildFile; fileRef = 7B0FE95B21E0F82100226EB7 /* ProfileTableViewController.swift */; };
		7B0FE96321E122EB00226EB7 /* UIButton+Extension.swift in Sources */ = {isa = PBXBuildFile; fileRef = 7B0FE96221E122EB00226EB7 /* UIButton+Extension.swift */; };
		7B12454B21E2458B0056C342 /* VisitorTableViewController.swift in Sources */ = {isa = PBXBuildFile; fileRef = 7B12454A21E2458B0056C342 /* VisitorTableViewController.swift */; };
		7B12454E21E24F590056C342 /* VisitorView.swift in Sources */ = {isa = PBXBuildFile; fileRef = 7B12454D21E24F590056C342 /* VisitorView.swift */; };
		7B37AE3921E48E6600298CBC /* OAuthViewController.swift in Sources */ = {isa = PBXBuildFile; fileRef = 7B37AE3821E48E6600298CBC /* OAuthViewController.swift */; };
		7B4B2D7F21E39BC20099DAA3 /* Podfile in Resources */ = {isa = PBXBuildFile; fileRef = 7B4B2D7E21E39BC20099DAA3 /* Podfile */; };
		7B4B2D8221E3B2070099DAA3 /* fff.m in Sources */ = {isa = PBXBuildFile; fileRef = 7B4B2D8121E3B2070099DAA3 /* fff.m */; };
		7B4B2D8421E3B27B0099DAA3 /* ImageIO.framework in Frameworks */ = {isa = PBXBuildFile; fileRef = 7B4B2D8321E3B27B0099DAA3 /* ImageIO.framework */; };
		7B4B2D8821E3BC820099DAA3 /* NetworkTools.swift in Sources */ = {isa = PBXBuildFile; fileRef = 7B4B2D8721E3BC820099DAA3 /* NetworkTools.swift */; };
		CE56130FF1A4C7E7DFC3EBE0 /* Pods_weibo.framework in Frameworks */ = {isa = PBXBuildFile; fileRef = 67D7ADAD49A9E6D3776A25CF /* Pods_weibo.framework */; };
/* End PBXBuildFile section */

/* Begin PBXFileReference section */
		297F6907C247030B97D31A32 /* Pods-weibo.release.xcconfig */ = {isa = PBXFileReference; includeInIndex = 1; lastKnownFileType = text.xcconfig; name = "Pods-weibo.release.xcconfig"; path = "Target Support Files/Pods-weibo/Pods-weibo.release.xcconfig"; sourceTree = "<group>"; };
		67D7ADAD49A9E6D3776A25CF /* Pods_weibo.framework */ = {isa = PBXFileReference; explicitFileType = wrapper.framework; includeInIndex = 0; path = Pods_weibo.framework; sourceTree = BUILT_PRODUCTS_DIR; };
		7B0FE93121E0EF9400226EB7 /* weibo.app */ = {isa = PBXFileReference; explicitFileType = wrapper.application; includeInIndex = 0; path = weibo.app; sourceTree = BUILT_PRODUCTS_DIR; };
		7B0FE93421E0EF9400226EB7 /* AppDelegate.swift */ = {isa = PBXFileReference; lastKnownFileType = sourcecode.swift; path = AppDelegate.swift; sourceTree = "<group>"; };
		7B0FE93921E0EF9400226EB7 /* Base */ = {isa = PBXFileReference; lastKnownFileType = file.storyboard; name = Base; path = Base.lproj/Main.storyboard; sourceTree = "<group>"; };
		7B0FE93B21E0EF9600226EB7 /* Assets.xcassets */ = {isa = PBXFileReference; lastKnownFileType = folder.assetcatalog; path = Assets.xcassets; sourceTree = "<group>"; };
		7B0FE94021E0EF9600226EB7 /* Info.plist */ = {isa = PBXFileReference; lastKnownFileType = text.plist.xml; path = Info.plist; sourceTree = "<group>"; };
		7B0FE95321E0F78300226EB7 /* MainViewController.swift */ = {isa = PBXFileReference; lastKnownFileType = sourcecode.swift; path = MainViewController.swift; sourceTree = "<group>"; };
		7B0FE95521E0F7C900226EB7 /* HomeTableViewController.swift */ = {isa = PBXFileReference; lastKnownFileType = sourcecode.swift; path = HomeTableViewController.swift; sourceTree = "<group>"; };
		7B0FE95721E0F7E700226EB7 /* DiscoverTableViewController.swift */ = {isa = PBXFileReference; lastKnownFileType = sourcecode.swift; path = DiscoverTableViewController.swift; sourceTree = "<group>"; };
		7B0FE95921E0F7FF00226EB7 /* MessageTableViewController.swift */ = {isa = PBXFileReference; lastKnownFileType = sourcecode.swift; path = MessageTableViewController.swift; sourceTree = "<group>"; };
		7B0FE95B21E0F82100226EB7 /* ProfileTableViewController.swift */ = {isa = PBXFileReference; lastKnownFileType = sourcecode.swift; path = ProfileTableViewController.swift; sourceTree = "<group>"; };
		7B0FE96221E122EB00226EB7 /* UIButton+Extension.swift */ = {isa = PBXFileReference; lastKnownFileType = sourcecode.swift; path = "UIButton+Extension.swift"; sourceTree = "<group>"; };
		7B12454A21E2458B0056C342 /* VisitorTableViewController.swift */ = {isa = PBXFileReference; lastKnownFileType = sourcecode.swift; path = VisitorTableViewController.swift; sourceTree = "<group>"; };
		7B12454D21E24F590056C342 /* VisitorView.swift */ = {isa = PBXFileReference; lastKnownFileType = sourcecode.swift; path = VisitorView.swift; sourceTree = "<group>"; };
		7B37AE3821E48E6600298CBC /* OAuthViewController.swift */ = {isa = PBXFileReference; lastKnownFileType = sourcecode.swift; path = OAuthViewController.swift; sourceTree = "<group>"; };
		7B4B2D7E21E39BC20099DAA3 /* Podfile */ = {isa = PBXFileReference; lastKnownFileType = text; path = Podfile; sourceTree = "<group>"; xcLanguageSpecificationIdentifier = xcode.lang.ruby; };
		7B4B2D8021E3B2060099DAA3 /* weibo-Bridging-Header.h */ = {isa = PBXFileReference; lastKnownFileType = sourcecode.c.h; path = "weibo-Bridging-Header.h"; sourceTree = "<group>"; };
		7B4B2D8121E3B2070099DAA3 /* fff.m */ = {isa = PBXFileReference; lastKnownFileType = sourcecode.c.objc; path = fff.m; sourceTree = "<group>"; };
		7B4B2D8321E3B27B0099DAA3 /* ImageIO.framework */ = {isa = PBXFileReference; lastKnownFileType = wrapper.framework; name = ImageIO.framework; path = System/Library/Frameworks/ImageIO.framework; sourceTree = SDKROOT; };
		7B4B2D8721E3BC820099DAA3 /* NetworkTools.swift */ = {isa = PBXFileReference; lastKnownFileType = sourcecode.swift; path = NetworkTools.swift; sourceTree = "<group>"; };
		DEADBAE96FDC1D82346220E6 /* Pods-weibo.debug.xcconfig */ = {isa = PBXFileReference; includeInIndex = 1; lastKnownFileType = text.xcconfig; name = "Pods-weibo.debug.xcconfig"; path = "Target Support Files/Pods-weibo/Pods-weibo.debug.xcconfig"; sourceTree = "<group>"; };
/* End PBXFileReference section */

/* Begin PBXFrameworksBuildPhase section */
		7B0FE92E21E0EF9400226EB7 /* Frameworks */ = {
			isa = PBXFrameworksBuildPhase;
			buildActionMask = 2147483647;
			files = (
				7B4B2D8421E3B27B0099DAA3 /* ImageIO.framework in Frameworks */,
				CE56130FF1A4C7E7DFC3EBE0 /* Pods_weibo.framework in Frameworks */,
			);
			runOnlyForDeploymentPostprocessing = 0;
		};
/* End PBXFrameworksBuildPhase section */

/* Begin PBXGroup section */
		5066A7BE909C50E927AF376D /* Pods */ = {
			isa = PBXGroup;
			children = (
				DEADBAE96FDC1D82346220E6 /* Pods-weibo.debug.xcconfig */,
				297F6907C247030B97D31A32 /* Pods-weibo.release.xcconfig */,
			);
			path = Pods;
			sourceTree = "<group>";
		};
		7B0FE92821E0EF9400226EB7 = {
			isa = PBXGroup;
			children = (
				7B4B2D8121E3B2070099DAA3 /* fff.m */,
				7B4B2D7E21E39BC20099DAA3 /* Podfile */,
				7B0FE93321E0EF9400226EB7 /* weibo */,
				7B0FE93221E0EF9400226EB7 /* Products */,
				5066A7BE909C50E927AF376D /* Pods */,
				E2BE5D7F12B737B2392CBC20 /* Frameworks */,
				7B4B2D8021E3B2060099DAA3 /* weibo-Bridging-Header.h */,
			);
			sourceTree = "<group>";
		};
		7B0FE93221E0EF9400226EB7 /* Products */ = {
			isa = PBXGroup;
			children = (
				7B0FE93121E0EF9400226EB7 /* weibo.app */,
			);
			name = Products;
			sourceTree = "<group>";
		};
		7B0FE93321E0EF9400226EB7 /* weibo */ = {
			isa = PBXGroup;
			children = (
				7B0FE94821E0F68D00226EB7 /* Classes */,
				7B0FE93421E0EF9400226EB7 /* AppDelegate.swift */,
				7B0FE93821E0EF9400226EB7 /* Main.storyboard */,
				7B0FE93B21E0EF9600226EB7 /* Assets.xcassets */,
				7B0FE94021E0EF9600226EB7 /* Info.plist */,
			);
			path = weibo;
			sourceTree = "<group>";
		};
		7B0FE94821E0F68D00226EB7 /* Classes */ = {
			isa = PBXGroup;
			children = (
				7B0FE94921E0F68D00226EB7 /* ViewModel */,
				7B0FE94A21E0F68D00226EB7 /* Tools */,
				7B0FE94B21E0F68D00226EB7 /* Model */,
				7B0FE94C21E0F68D00226EB7 /* View */,
				7B0FE95221E0F68D00226EB7 /* Lib */,
			);
			path = Classes;
			sourceTree = "<group>";
		};
		7B0FE94921E0F68D00226EB7 /* ViewModel */ = {
			isa = PBXGroup;
			children = (
			);
			path = ViewModel;
			sourceTree = "<group>";
		};
		7B0FE94A21E0F68D00226EB7 /* Tools */ = {
			isa = PBXGroup;
			children = (
				7B4B2D8721E3BC820099DAA3 /* NetworkTools.swift */,
				7B0FE95D21E11F3100226EB7 /* Extension */,
			);
			path = Tools;
			sourceTree = "<group>";
		};
		7B0FE94B21E0F68D00226EB7 /* Model */ = {
			isa = PBXGroup;
			children = (
			);
			path = Model;
			sourceTree = "<group>";
		};
		7B0FE94C21E0F68D00226EB7 /* View */ = {
			isa = PBXGroup;
			children = (
				7B37AE3721E48E1100298CBC /* OAuth */,
				7B0FE94D21E0F68D00226EB7 /* Home */,
				7B0FE94E21E0F68D00226EB7 /* Discover */,
				7B0FE94F21E0F68D00226EB7 /* Message */,
				7B0FE95021E0F68D00226EB7 /* Profile */,
				7B0FE95121E0F68D00226EB7 /* Main */,
			);
			path = View;
			sourceTree = "<group>";
		};
		7B0FE94D21E0F68D00226EB7 /* Home */ = {
			isa = PBXGroup;
			children = (
				7B0FE95521E0F7C900226EB7 /* HomeTableViewController.swift */,
			);
			path = Home;
			sourceTree = "<group>";
		};
		7B0FE94E21E0F68D00226EB7 /* Discover */ = {
			isa = PBXGroup;
			children = (
				7B0FE95721E0F7E700226EB7 /* DiscoverTableViewController.swift */,
			);
			path = Discover;
			sourceTree = "<group>";
		};
		7B0FE94F21E0F68D00226EB7 /* Message */ = {
			isa = PBXGroup;
			children = (
				7B0FE95921E0F7FF00226EB7 /* MessageTableViewController.swift */,
			);
			path = Message;
			sourceTree = "<group>";
		};
		7B0FE95021E0F68D00226EB7 /* Profile */ = {
			isa = PBXGroup;
			children = (
				7B0FE95B21E0F82100226EB7 /* ProfileTableViewController.swift */,
			);
			path = Profile;
			sourceTree = "<group>";
		};
		7B0FE95121E0F68D00226EB7 /* Main */ = {
			isa = PBXGroup;
			children = (
				7B12454921E2451D0056C342 /* Visitor */,
				7B0FE95321E0F78300226EB7 /* MainViewController.swift */,
			);
			path = Main;
			sourceTree = "<group>";
		};
		7B0FE95221E0F68D00226EB7 /* Lib */ = {
			isa = PBXGroup;
			children = (
			);
			path = Lib;
			sourceTree = "<group>";
		};
		7B0FE95D21E11F3100226EB7 /* Extension */ = {
			isa = PBXGroup;
			children = (
				7B0FE96221E122EB00226EB7 /* UIButton+Extension.swift */,
			);
			path = Extension;
			sourceTree = "<group>";
		};
		7B12454921E2451D0056C342 /* Visitor */ = {
			isa = PBXGroup;
			children = (
				7B12454A21E2458B0056C342 /* VisitorTableViewController.swift */,
				7B12454D21E24F590056C342 /* VisitorView.swift */,
			);
			path = Visitor;
			sourceTree = "<group>";
		};
		7B37AE3721E48E1100298CBC /* OAuth */ = {
			isa = PBXGroup;
			children = (
				7B37AE3821E48E6600298CBC /* OAuthViewController.swift */,
			);
			path = OAuth;
			sourceTree = "<group>";
		};
		E2BE5D7F12B737B2392CBC20 /* Frameworks */ = {
			isa = PBXGroup;
			children = (
				7B4B2D8321E3B27B0099DAA3 /* ImageIO.framework */,
				67D7ADAD49A9E6D3776A25CF /* Pods_weibo.framework */,
			);
			name = Frameworks;
			sourceTree = "<group>";
		};
/* End PBXGroup section */

/* Begin PBXNativeTarget section */
		7B0FE93021E0EF9400226EB7 /* weibo */ = {
			isa = PBXNativeTarget;
			buildConfigurationList = 7B0FE94321E0EF9600226EB7 /* Build configuration list for PBXNativeTarget "weibo" */;
			buildPhases = (
				F12B6DA8729925ECA00770C5 /* [CP] Check Pods Manifest.lock */,
				7B0FE92D21E0EF9400226EB7 /* Sources */,
				7B0FE92E21E0EF9400226EB7 /* Frameworks */,
				7B0FE92F21E0EF9400226EB7 /* Resources */,
				52164ED6489265EB7588EB61 /* [CP] Embed Pods Frameworks */,
			);
			buildRules = (
			);
			dependencies = (
			);
			name = weibo;
			productName = weibo;
			productReference = 7B0FE93121E0EF9400226EB7 /* weibo.app */;
			productType = "com.apple.product-type.application";
		};
/* End PBXNativeTarget section */

/* Begin PBXProject section */
		7B0FE92921E0EF9400226EB7 /* Project object */ = {
			isa = PBXProject;
			attributes = {
				LastSwiftUpdateCheck = 1010;
				LastUpgradeCheck = 1010;
				ORGANIZATIONNAME = yangyingwei;
				TargetAttributes = {
					7B0FE93021E0EF9400226EB7 = {
						CreatedOnToolsVersion = 10.1;
						LastSwiftMigration = 1010;
					};
				};
			};
			buildConfigurationList = 7B0FE92C21E0EF9400226EB7 /* Build configuration list for PBXProject "weibo" */;
			compatibilityVersion = "Xcode 9.3";
			developmentRegion = en;
			hasScannedForEncodings = 0;
			knownRegions = (
				en,
				Base,
			);
			mainGroup = 7B0FE92821E0EF9400226EB7;
			productRefGroup = 7B0FE93221E0EF9400226EB7 /* Products */;
			projectDirPath = "";
			projectRoot = "";
			targets = (
				7B0FE93021E0EF9400226EB7 /* weibo */,
			);
		};
/* End PBXProject section */

/* Begin PBXResourcesBuildPhase section */
		7B0FE92F21E0EF9400226EB7 /* Resources */ = {
			isa = PBXResourcesBuildPhase;
			buildActionMask = 2147483647;
			files = (
				7B4B2D7F21E39BC20099DAA3 /* Podfile in Resources */,
				7B0FE93C21E0EF9600226EB7 /* Assets.xcassets in Resources */,
				7B0FE93A21E0EF9400226EB7 /* Main.storyboard in Resources */,
			);
			runOnlyForDeploymentPostprocessing = 0;
		};
/* End PBXResourcesBuildPhase section */

/* Begin PBXShellScriptBuildPhase section */
		52164ED6489265EB7588EB61 /* [CP] Embed Pods Frameworks */ = {
			isa = PBXShellScriptBuildPhase;
			buildActionMask = 2147483647;
			files = (
			);
			inputFileListPaths = (
			);
			inputPaths = (
				"${PODS_ROOT}/Target Support Files/Pods-weibo/Pods-weibo-frameworks.sh",
				"${BUILT_PRODUCTS_DIR}/AFNetworking/AFNetworking.framework",
				"${BUILT_PRODUCTS_DIR}/SDWebImage/SDWebImage.framework",
				"${BUILT_PRODUCTS_DIR}/SVProgressHUD/SVProgressHUD.framework",
				"${BUILT_PRODUCTS_DIR}/SnapKit/SnapKit.framework",
			);
			name = "[CP] Embed Pods Frameworks";
			outputFileListPaths = (
			);
			outputPaths = (
				"${TARGET_BUILD_DIR}/${FRAMEWORKS_FOLDER_PATH}/AFNetworking.framework",
				"${TARGET_BUILD_DIR}/${FRAMEWORKS_FOLDER_PATH}/SDWebImage.framework",
				"${TARGET_BUILD_DIR}/${FRAMEWORKS_FOLDER_PATH}/SVProgressHUD.framework",
				"${TARGET_BUILD_DIR}/${FRAMEWORKS_FOLDER_PATH}/SnapKit.framework",
			);
			runOnlyForDeploymentPostprocessing = 0;
			shellPath = /bin/sh;
			shellScript = "\"${PODS_ROOT}/Target Support Files/Pods-weibo/Pods-weibo-frameworks.sh\"\n";
			showEnvVarsInLog = 0;
		};
		F12B6DA8729925ECA00770C5 /* [CP] Check Pods Manifest.lock */ = {
			isa = PBXShellScriptBuildPhase;
			buildActionMask = 2147483647;
			files = (
			);
			inputFileListPaths = (
			);
			inputPaths = (
				"${PODS_PODFILE_DIR_PATH}/Podfile.lock",
				"${PODS_ROOT}/Manifest.lock",
			);
			name = "[CP] Check Pods Manifest.lock";
			outputFileListPaths = (
			);
			outputPaths = (
				"$(DERIVED_FILE_DIR)/Pods-weibo-checkManifestLockResult.txt",
			);
			runOnlyForDeploymentPostprocessing = 0;
			shellPath = /bin/sh;
			shellScript = "diff \"${PODS_PODFILE_DIR_PATH}/Podfile.lock\" \"${PODS_ROOT}/Manifest.lock\" > /dev/null\nif [ $? != 0 ] ; then\n    # print error to STDERR\n    echo \"error: The sandbox is not in sync with the Podfile.lock. Run 'pod install' or update your CocoaPods installation.\" >&2\n    exit 1\nfi\n# This output is used by Xcode 'outputs' to avoid re-running this script phase.\necho \"SUCCESS\" > \"${SCRIPT_OUTPUT_FILE_0}\"\n";
			showEnvVarsInLog = 0;
		};
/* End PBXShellScriptBuildPhase section */

/* Begin PBXSourcesBuildPhase section */
		7B0FE92D21E0EF9400226EB7 /* Sources */ = {
			isa = PBXSourcesBuildPhase;
			buildActionMask = 2147483647;
			files = (
				7B0FE95C21E0F82100226EB7 /* ProfileTableViewController.swift in Sources */,
				7B4B2D8821E3BC820099DAA3 /* NetworkTools.swift in Sources */,
				7B0FE95621E0F7C900226EB7 /* HomeTableViewController.swift in Sources */,
				7B0FE93521E0EF9400226EB7 /* AppDelegate.swift in Sources */,
				7B37AE3921E48E6600298CBC /* OAuthViewController.swift in Sources */,
				7B0FE95A21E0F7FF00226EB7 /* MessageTableViewController.swift in Sources */,
				7B12454B21E2458B0056C342 /* VisitorTableViewController.swift in Sources */,
				7B0FE95821E0F7E700226EB7 /* DiscoverTableViewController.swift in Sources */,
				7B4B2D8221E3B2070099DAA3 /* fff.m in Sources */,
				7B12454E21E24F590056C342 /* VisitorView.swift in Sources */,
				7B0FE95421E0F78300226EB7 /* MainViewController.swift in Sources */,
				7B0FE96321E122EB00226EB7 /* UIButton+Extension.swift in Sources */,
			);
			runOnlyForDeploymentPostprocessing = 0;
		};
/* End PBXSourcesBuildPhase section */

/* Begin PBXVariantGroup section */
		7B0FE93821E0EF9400226EB7 /* Main.storyboard */ = {
			isa = PBXVariantGroup;
			children = (
				7B0FE93921E0EF9400226EB7 /* Base */,
			);
			name = Main.storyboard;
			sourceTree = "<group>";
		};
/* End PBXVariantGroup section */

/* Begin XCBuildConfiguration section */
		7B0FE94121E0EF9600226EB7 /* Debug */ = {
			isa = XCBuildConfiguration;
			buildSettings = {
				ALWAYS_SEARCH_USER_PATHS = NO;
				CLANG_ANALYZER_NONNULL = YES;
				CLANG_ANALYZER_NUMBER_OBJECT_CONVERSION = YES_AGGRESSIVE;
				CLANG_CXX_LANGUAGE_STANDARD = "gnu++14";
				CLANG_CXX_LIBRARY = "libc++";
				CLANG_ENABLE_MODULES = YES;
				CLANG_ENABLE_OBJC_ARC = YES;
				CLANG_ENABLE_OBJC_WEAK = YES;
				CLANG_WARN_BLOCK_CAPTURE_AUTORELEASING = YES;
				CLANG_WARN_BOOL_CONVERSION = YES;
				CLANG_WARN_COMMA = YES;
				CLANG_WARN_CONSTANT_CONVERSION = YES;
				CLANG_WARN_DEPRECATED_OBJC_IMPLEMENTATIONS = YES;
				CLANG_WARN_DIRECT_OBJC_ISA_USAGE = YES_ERROR;
				CLANG_WARN_DOCUMENTATION_COMMENTS = YES;
				CLANG_WARN_EMPTY_BODY = YES;
				CLANG_WARN_ENUM_CONVERSION = YES;
				CLANG_WARN_INFINITE_RECURSION = YES;
				CLANG_WARN_INT_CONVERSION = YES;
				CLANG_WARN_NON_LITERAL_NULL_CONVERSION = YES;
				CLANG_WARN_OBJC_IMPLICIT_RETAIN_SELF = YES;
				CLANG_WARN_OBJC_LITERAL_CONVERSION = YES;
				CLANG_WARN_OBJC_ROOT_CLASS = YES_ERROR;
				CLANG_WARN_RANGE_LOOP_ANALYSIS = YES;
				CLANG_WARN_STRICT_PROTOTYPES = YES;
				CLANG_WARN_SUSPICIOUS_MOVE = YES;
				CLANG_WARN_UNGUARDED_AVAILABILITY = YES_AGGRESSIVE;
				CLANG_WARN_UNREACHABLE_CODE = YES;
				CLANG_WARN__DUPLICATE_METHOD_MATCH = YES;
				CODE_SIGN_IDENTITY = "iPhone Developer";
				COPY_PHASE_STRIP = NO;
				DEBUG_INFORMATION_FORMAT = dwarf;
				ENABLE_STRICT_OBJC_MSGSEND = YES;
				ENABLE_TESTABILITY = YES;
				GCC_C_LANGUAGE_STANDARD = gnu11;
				GCC_DYNAMIC_NO_PIC = NO;
				GCC_NO_COMMON_BLOCKS = YES;
				GCC_OPTIMIZATION_LEVEL = 0;
				GCC_PREPROCESSOR_DEFINITIONS = (
					"DEBUG=1",
					"$(inherited)",
				);
				GCC_WARN_64_TO_32_BIT_CONVERSION = YES;
				GCC_WARN_ABOUT_RETURN_TYPE = YES_ERROR;
				GCC_WARN_UNDECLARED_SELECTOR = YES;
				GCC_WARN_UNINITIALIZED_AUTOS = YES_AGGRESSIVE;
				GCC_WARN_UNUSED_FUNCTION = YES;
				GCC_WARN_UNUSED_VARIABLE = YES;
				IPHONEOS_DEPLOYMENT_TARGET = 12.1;
				MTL_ENABLE_DEBUG_INFO = INCLUDE_SOURCE;
				MTL_FAST_MATH = YES;
				ONLY_ACTIVE_ARCH = YES;
				SDKROOT = iphoneos;
				SWIFT_ACTIVE_COMPILATION_CONDITIONS = DEBUG;
				SWIFT_OPTIMIZATION_LEVEL = "-Onone";
			};
			name = Debug;
		};
		7B0FE94221E0EF9600226EB7 /* Release */ = {
			isa = XCBuildConfiguration;
			buildSettings = {
				ALWAYS_SEARCH_USER_PATHS = NO;
				CLANG_ANALYZER_NONNULL = YES;
				CLANG_ANALYZER_NUMBER_OBJECT_CONVERSION = YES_AGGRESSIVE;
				CLANG_CXX_LANGUAGE_STANDARD = "gnu++14";
				CLANG_CXX_LIBRARY = "libc++";
				CLANG_ENABLE_MODULES = YES;
				CLANG_ENABLE_OBJC_ARC = YES;
				CLANG_ENABLE_OBJC_WEAK = YES;
				CLANG_WARN_BLOCK_CAPTURE_AUTORELEASING = YES;
				CLANG_WARN_BOOL_CONVERSION = YES;
				CLANG_WARN_COMMA = YES;
				CLANG_WARN_CONSTANT_CONVERSION = YES;
				CLANG_WARN_DEPRECATED_OBJC_IMPLEMENTATIONS = YES;
				CLANG_WARN_DIRECT_OBJC_ISA_USAGE = YES_ERROR;
				CLANG_WARN_DOCUMENTATION_COMMENTS = YES;
				CLANG_WARN_EMPTY_BODY = YES;
				CLANG_WARN_ENUM_CONVERSION = YES;
				CLANG_WARN_INFINITE_RECURSION = YES;
				CLANG_WARN_INT_CONVERSION = YES;
				CLANG_WARN_NON_LITERAL_NULL_CONVERSION = YES;
				CLANG_WARN_OBJC_IMPLICIT_RETAIN_SELF = YES;
				CLANG_WARN_OBJC_LITERAL_CONVERSION = YES;
				CLANG_WARN_OBJC_ROOT_CLASS = YES_ERROR;
				CLANG_WARN_RANGE_LOOP_ANALYSIS = YES;
				CLANG_WARN_STRICT_PROTOTYPES = YES;
				CLANG_WARN_SUSPICIOUS_MOVE = YES;
				CLANG_WARN_UNGUARDED_AVAILABILITY = YES_AGGRESSIVE;
				CLANG_WARN_UNREACHABLE_CODE = YES;
				CLANG_WARN__DUPLICATE_METHOD_MATCH = YES;
				CODE_SIGN_IDENTITY = "iPhone Developer";
				COPY_PHASE_STRIP = NO;
				DEBUG_INFORMATION_FORMAT = "dwarf-with-dsym";
				ENABLE_NS_ASSERTIONS = NO;
				ENABLE_STRICT_OBJC_MSGSEND = YES;
				GCC_C_LANGUAGE_STANDARD = gnu11;
				GCC_NO_COMMON_BLOCKS = YES;
				GCC_WARN_64_TO_32_BIT_CONVERSION = YES;
				GCC_WARN_ABOUT_RETURN_TYPE = YES_ERROR;
				GCC_WARN_UNDECLARED_SELECTOR = YES;
				GCC_WARN_UNINITIALIZED_AUTOS = YES_AGGRESSIVE;
				GCC_WARN_UNUSED_FUNCTION = YES;
				GCC_WARN_UNUSED_VARIABLE = YES;
				IPHONEOS_DEPLOYMENT_TARGET = 12.1;
				MTL_ENABLE_DEBUG_INFO = NO;
				MTL_FAST_MATH = YES;
				SDKROOT = iphoneos;
				SWIFT_COMPILATION_MODE = wholemodule;
				SWIFT_OPTIMIZATION_LEVEL = "-O";
				VALIDATE_PRODUCT = YES;
			};
			name = Release;
		};
		7B0FE94421E0EF9600226EB7 /* Debug */ = {
			isa = XCBuildConfiguration;
			baseConfigurationReference = DEADBAE96FDC1D82346220E6 /* Pods-weibo.debug.xcconfig */;
			buildSettings = {
				ASSETCATALOG_COMPILER_APPICON_NAME = AppIcon;
				ASSETCATALOG_COMPILER_LAUNCHIMAGE_NAME = LaunchImage;
				CLANG_ENABLE_MODULES = YES;
				CODE_SIGN_STYLE = Automatic;
				DEVELOPMENT_TEAM = D86GL839U9;
				INFOPLIST_FILE = weibo/Info.plist;
				IPHONEOS_DEPLOYMENT_TARGET = 12.1;
				LD_RUNPATH_SEARCH_PATHS = (
					"$(inherited)",
					"@executable_path/Frameworks",
				);
				PRODUCT_BUNDLE_IDENTIFIER = com.yyw.test.weibo;
				PRODUCT_NAME = "$(TARGET_NAME)";
				SWIFT_OBJC_BRIDGING_HEADER = "weibo-Bridging-Header.h";
				SWIFT_OPTIMIZATION_LEVEL = "-Onone";
				SWIFT_VERSION = 4.2;
				TARGETED_DEVICE_FAMILY = 1;
			};
			name = Debug;
		};
		7B0FE94521E0EF9600226EB7 /* Release */ = {
			isa = XCBuildConfiguration;
			baseConfigurationReference = 297F6907C247030B97D31A32 /* Pods-weibo.release.xcconfig */;
			buildSettings = {
				ASSETCATALOG_COMPILER_APPICON_NAME = AppIcon;
				ASSETCATALOG_COMPILER_LAUNCHIMAGE_NAME = LaunchImage;
				CLANG_ENABLE_MODULES = YES;
				CODE_SIGN_STYLE = Automatic;
				DEVELOPMENT_TEAM = D86GL839U9;
				INFOPLIST_FILE = weibo/Info.plist;
				IPHONEOS_DEPLOYMENT_TARGET = 12.1;
				LD_RUNPATH_SEARCH_PATHS = (
					"$(inherited)",
					"@executable_path/Frameworks",
				);
				PRODUCT_BUNDLE_IDENTIFIER = com.yyw.test.weibo;
				PRODUCT_NAME = "$(TARGET_NAME)";
				SWIFT_OBJC_BRIDGING_HEADER = "weibo-Bridging-Header.h";
				SWIFT_VERSION = 4.2;
				TARGETED_DEVICE_FAMILY = 1;
			};
			name = Release;
		};
/* End XCBuildConfiguration section */

/* Begin XCConfigurationList section */
		7B0FE92C21E0EF9400226EB7 /* Build configuration list for PBXProject "weibo" */ = {
			isa = XCConfigurationList;
			buildConfigurations = (
				7B0FE94121E0EF9600226EB7 /* Debug */,
				7B0FE94221E0EF9600226EB7 /* Release */,
			);
			defaultConfigurationIsVisible = 0;
			defaultConfigurationName = Release;
		};
		7B0FE94321E0EF9600226EB7 /* Build configuration list for PBXNativeTarget "weibo" */ = {
			isa = XCConfigurationList;
			buildConfigurations = (
				7B0FE94421E0EF9600226EB7 /* Debug */,
				7B0FE94521E0EF9600226EB7 /* Release */,
			);
			defaultConfigurationIsVisible = 0;
			defaultConfigurationName = Release;
		};
/* End XCConfigurationList section */
	};
	rootObject = 7B0FE92921E0EF9400226EB7 /* Project object */;
}
